// !$*UTF8*$!
{
	archiveVersion = 1;
	classes = {
	};
	objectVersion = 51;
	objects = {

/* Begin PBXBuildFile section */
		116F0F27F63E89F83AB1DBD0 /* Pods_WeekdaySearch.framework in Frameworks */ = {isa = PBXBuildFile; fileRef = CF51116DB20E68E71D29FEF0 /* Pods_WeekdaySearch.framework */; };
		1204ABBF26352EAE004AC9F5 /* UITextFieldExtension.swift in Sources */ = {isa = PBXBuildFile; fileRef = 1204ABBE26352EAE004AC9F5 /* UITextFieldExtension.swift */; };
		126D95EF26340D970091DF1B /* AppDelegate.swift in Sources */ = {isa = PBXBuildFile; fileRef = 126D95EE26340D970091DF1B /* AppDelegate.swift */; };
		126D95F126340D970091DF1B /* SceneDelegate.swift in Sources */ = {isa = PBXBuildFile; fileRef = 126D95F026340D970091DF1B /* SceneDelegate.swift */; };
		126D95F326340D970091DF1B /* ViewController.swift in Sources */ = {isa = PBXBuildFile; fileRef = 126D95F226340D970091DF1B /* ViewController.swift */; };
		126D95F626340D970091DF1B /* Main.storyboard in Resources */ = {isa = PBXBuildFile; fileRef = 126D95F426340D970091DF1B /* Main.storyboard */; };
		126D95F826340D9B0091DF1B /* Assets.xcassets in Resources */ = {isa = PBXBuildFile; fileRef = 126D95F726340D9B0091DF1B /* Assets.xcassets */; };
		126D95FB26340D9B0091DF1B /* LaunchScreen.storyboard in Resources */ = {isa = PBXBuildFile; fileRef = 126D95F926340D9B0091DF1B /* LaunchScreen.storyboard */; };
		126D960A26343B570091DF1B /* Vibration.swift in Sources */ = {isa = PBXBuildFile; fileRef = 126D960926343B570091DF1B /* Vibration.swift */; };
		126D961326348F720091DF1B /* ConstraintsExtension.swift in Sources */ = {isa = PBXBuildFile; fileRef = 126D961226348F720091DF1B /* ConstraintsExtension.swift */; };
		126D963B2634A1C00091DF1B /* UIButton.swift in Sources */ = {isa = PBXBuildFile; fileRef = 126D963A2634A1C00091DF1B /* UIButton.swift */; };
/* End PBXBuildFile section */

/* Begin PBXFileReference section */
		1204ABBE26352EAE004AC9F5 /* UITextFieldExtension.swift */ = {isa = PBXFileReference; lastKnownFileType = sourcecode.swift; path = UITextFieldExtension.swift; sourceTree = "<group>"; };
		1204ABC8263554B9004AC9F5 /* ru-RU */ = {isa = PBXFileReference; lastKnownFileType = text.plist.strings; name = "ru-RU"; path = "ru-RU.lproj/Main.strings"; sourceTree = "<group>"; };
		1204ABC9263554B9004AC9F5 /* ru-RU */ = {isa = PBXFileReference; lastKnownFileType = text.plist.strings; name = "ru-RU"; path = "ru-RU.lproj/LaunchScreen.strings"; sourceTree = "<group>"; };
		126D95EB26340D970091DF1B /* WeekdaySearch.app */ = {isa = PBXFileReference; explicitFileType = wrapper.application; includeInIndex = 0; path = WeekdaySearch.app; sourceTree = BUILT_PRODUCTS_DIR; };
		126D95EE26340D970091DF1B /* AppDelegate.swift */ = {isa = PBXFileReference; lastKnownFileType = sourcecode.swift; path = AppDelegate.swift; sourceTree = "<group>"; };
		126D95F026340D970091DF1B /* SceneDelegate.swift */ = {isa = PBXFileReference; lastKnownFileType = sourcecode.swift; path = SceneDelegate.swift; sourceTree = "<group>"; };
		126D95F226340D970091DF1B /* ViewController.swift */ = {isa = PBXFileReference; lastKnownFileType = sourcecode.swift; path = ViewController.swift; sourceTree = "<group>"; };
		126D95F526340D970091DF1B /* Base */ = {isa = PBXFileReference; lastKnownFileType = file.storyboard; name = Base; path = Base.lproj/Main.storyboard; sourceTree = "<group>"; };
		126D95F726340D9B0091DF1B /* Assets.xcassets */ = {isa = PBXFileReference; lastKnownFileType = folder.assetcatalog; path = Assets.xcassets; sourceTree = "<group>"; };
		126D95FA26340D9B0091DF1B /* Base */ = {isa = PBXFileReference; lastKnownFileType = file.storyboard; name = Base; path = Base.lproj/LaunchScreen.storyboard; sourceTree = "<group>"; };
		126D95FC26340D9B0091DF1B /* Info.plist */ = {isa = PBXFileReference; lastKnownFileType = text.plist.xml; path = Info.plist; sourceTree = "<group>"; };
		126D960926343B570091DF1B /* Vibration.swift */ = {isa = PBXFileReference; lastKnownFileType = sourcecode.swift; path = Vibration.swift; sourceTree = "<group>"; };
		126D961226348F720091DF1B /* ConstraintsExtension.swift */ = {isa = PBXFileReference; lastKnownFileType = sourcecode.swift; path = ConstraintsExtension.swift; sourceTree = "<group>"; };
		126D963A2634A1C00091DF1B /* UIButton.swift */ = {isa = PBXFileReference; lastKnownFileType = sourcecode.swift; path = UIButton.swift; sourceTree = "<group>"; };
		4BBD4515B51B25709D63D5F1 /* Pods-WeekdaySearch.release.xcconfig */ = {isa = PBXFileReference; includeInIndex = 1; lastKnownFileType = text.xcconfig; name = "Pods-WeekdaySearch.release.xcconfig"; path = "Target Support Files/Pods-WeekdaySearch/Pods-WeekdaySearch.release.xcconfig"; sourceTree = "<group>"; };
		53BD55A874221BBC548390F8 /* Pods-WeekdaySearch.debug.xcconfig */ = {isa = PBXFileReference; includeInIndex = 1; lastKnownFileType = text.xcconfig; name = "Pods-WeekdaySearch.debug.xcconfig"; path = "Target Support Files/Pods-WeekdaySearch/Pods-WeekdaySearch.debug.xcconfig"; sourceTree = "<group>"; };
		CF51116DB20E68E71D29FEF0 /* Pods_WeekdaySearch.framework */ = {isa = PBXFileReference; explicitFileType = wrapper.framework; includeInIndex = 0; path = Pods_WeekdaySearch.framework; sourceTree = BUILT_PRODUCTS_DIR; };
/* End PBXFileReference section */

/* Begin PBXFrameworksBuildPhase section */
		126D95E826340D970091DF1B /* Frameworks */ = {
			isa = PBXFrameworksBuildPhase;
			buildActionMask = 2147483647;
			files = (
				116F0F27F63E89F83AB1DBD0 /* Pods_WeekdaySearch.framework in Frameworks */,
			);
			runOnlyForDeploymentPostprocessing = 0;
		};
/* End PBXFrameworksBuildPhase section */

/* Begin PBXGroup section */
		126D95E226340D970091DF1B = {
			isa = PBXGroup;
			children = (
				126D95ED26340D970091DF1B /* WeekdaySearch */,
				126D95EC26340D970091DF1B /* Products */,
				F3614C81DF73F3BFD2F9AC4F /* Pods */,
				F1B8AB51B4D738F6BFAFAC07 /* Frameworks */,
			);
			sourceTree = "<group>";
		};
		126D95EC26340D970091DF1B /* Products */ = {
			isa = PBXGroup;
			children = (
				126D95EB26340D970091DF1B /* WeekdaySearch.app */,
			);
			name = Products;
			sourceTree = "<group>";
		};
		126D95ED26340D970091DF1B /* WeekdaySearch */ = {
			isa = PBXGroup;
			children = (
				126D960826343B430091DF1B /* Utils */,
				126D95EE26340D970091DF1B /* AppDelegate.swift */,
				126D95F026340D970091DF1B /* SceneDelegate.swift */,
				126D95F226340D970091DF1B /* ViewController.swift */,
				126D95F426340D970091DF1B /* Main.storyboard */,
				126D95F726340D9B0091DF1B /* Assets.xcassets */,
				126D95F926340D9B0091DF1B /* LaunchScreen.storyboard */,
				126D95FC26340D9B0091DF1B /* Info.plist */,
			);
			path = WeekdaySearch;
			sourceTree = "<group>";
		};
		126D960826343B430091DF1B /* Utils */ = {
			isa = PBXGroup;
			children = (
				126D960926343B570091DF1B /* Vibration.swift */,
				126D961226348F720091DF1B /* ConstraintsExtension.swift */,
				126D963A2634A1C00091DF1B /* UIButton.swift */,
				1204ABBE26352EAE004AC9F5 /* UITextFieldExtension.swift */,
			);
			path = Utils;
			sourceTree = "<group>";
		};
		F1B8AB51B4D738F6BFAFAC07 /* Frameworks */ = {
			isa = PBXGroup;
			children = (
				CF51116DB20E68E71D29FEF0 /* Pods_WeekdaySearch.framework */,
			);
			name = Frameworks;
			sourceTree = "<group>";
		};
		F3614C81DF73F3BFD2F9AC4F /* Pods */ = {
			isa = PBXGroup;
			children = (
				53BD55A874221BBC548390F8 /* Pods-WeekdaySearch.debug.xcconfig */,
				4BBD4515B51B25709D63D5F1 /* Pods-WeekdaySearch.release.xcconfig */,
			);
			path = Pods;
			sourceTree = "<group>";
		};
/* End PBXGroup section */

/* Begin PBXNativeTarget section */
		126D95EA26340D970091DF1B /* WeekdaySearch */ = {
			isa = PBXNativeTarget;
			buildConfigurationList = 126D95FF26340D9B0091DF1B /* Build configuration list for PBXNativeTarget "WeekdaySearch" */;
			buildPhases = (
				135A7CC4D71581A3E5426216 /* [CP] Check Pods Manifest.lock */,
				126D95E726340D970091DF1B /* Sources */,
				126D95E826340D970091DF1B /* Frameworks */,
				126D95E926340D970091DF1B /* Resources */,
				560F3E82F09D5100CAE0D9DC /* [CP] Embed Pods Frameworks */,
			);
			buildRules = (
			);
			dependencies = (
			);
			name = WeekdaySearch;
			productName = WeekdaySearch;
			productReference = 126D95EB26340D970091DF1B /* WeekdaySearch.app */;
			productType = "com.apple.product-type.application";
		};
/* End PBXNativeTarget section */

/* Begin PBXProject section */
		126D95E326340D970091DF1B /* Project object */ = {
			isa = PBXProject;
			attributes = {
				LastSwiftUpdateCheck = 1240;
				LastUpgradeCheck = 1240;
				TargetAttributes = {
					126D95EA26340D970091DF1B = {
						CreatedOnToolsVersion = 12.4;
					};
				};
			};
			buildConfigurationList = 126D95E626340D970091DF1B /* Build configuration list for PBXProject "WeekdaySearch" */;
			compatibilityVersion = "Xcode 9.3";
			developmentRegion = en;
			hasScannedForEncodings = 0;
			knownRegions = (
				en,
				Base,
				"ru-RU",
			);
			mainGroup = 126D95E226340D970091DF1B;
			productRefGroup = 126D95EC26340D970091DF1B /* Products */;
			projectDirPath = "";
			projectRoot = "";
			targets = (
				126D95EA26340D970091DF1B /* WeekdaySearch */,
			);
		};
/* End PBXProject section */

/* Begin PBXResourcesBuildPhase section */
		126D95E926340D970091DF1B /* Resources */ = {
			isa = PBXResourcesBuildPhase;
			buildActionMask = 2147483647;
			files = (
				126D95FB26340D9B0091DF1B /* LaunchScreen.storyboard in Resources */,
				126D95F826340D9B0091DF1B /* Assets.xcassets in Resources */,
				126D95F626340D970091DF1B /* Main.storyboard in Resources */,
			);
			runOnlyForDeploymentPostprocessing = 0;
		};
/* End PBXResourcesBuildPhase section */

/* Begin PBXShellScriptBuildPhase section */
		135A7CC4D71581A3E5426216 /* [CP] Check Pods Manifest.lock */ = {
			isa = PBXShellScriptBuildPhase;
			buildActionMask = 2147483647;
			files = (
			);
			inputFileListPaths = (
			);
			inputPaths = (
				"${PODS_PODFILE_DIR_PATH}/Podfile.lock",
				"${PODS_ROOT}/Manifest.lock",
			);
			name = "[CP] Check Pods Manifest.lock";
			outputFileListPaths = (
			);
			outputPaths = (
				"$(DERIVED_FILE_DIR)/Pods-WeekdaySearch-checkManifestLockResult.txt",
			);
			runOnlyForDeploymentPostprocessing = 0;
			shellPath = /bin/sh;
			shellScript = "diff \"${PODS_PODFILE_DIR_PATH}/Podfile.lock\" \"${PODS_ROOT}/Manifest.lock\" > /dev/null\nif [ $? != 0 ] ; then\n    # print error to STDERR\n    echo \"error: The sandbox is not in sync with the Podfile.lock. Run 'pod install' or update your CocoaPods installation.\" >&2\n    exit 1\nfi\n# This output is used by Xcode 'outputs' to avoid re-running this script phase.\necho \"SUCCESS\" > \"${SCRIPT_OUTPUT_FILE_0}\"\n";
			showEnvVarsInLog = 0;
		};
		560F3E82F09D5100CAE0D9DC /* [CP] Embed Pods Frameworks */ = {
			isa = PBXShellScriptBuildPhase;
			buildActionMask = 2147483647;
			files = (
			);
			inputFileListPaths = (
				"${PODS_ROOT}/Target Support Files/Pods-WeekdaySearch/Pods-WeekdaySearch-frameworks-${CONFIGURATION}-input-files.xcfilelist",
			);
			name = "[CP] Embed Pods Frameworks";
			outputFileListPaths = (
				"${PODS_ROOT}/Target Support Files/Pods-WeekdaySearch/Pods-WeekdaySearch-frameworks-${CONFIGURATION}-output-files.xcfilelist",
			);
			runOnlyForDeploymentPostprocessing = 0;
			shellPath = /bin/sh;
			shellScript = "\"${PODS_ROOT}/Target Support Files/Pods-WeekdaySearch/Pods-WeekdaySearch-frameworks.sh\"\n";
			showEnvVarsInLog = 0;
		};
/* End PBXShellScriptBuildPhase section */

/* Begin PBXSourcesBuildPhase section */
		126D95E726340D970091DF1B /* Sources */ = {
			isa = PBXSourcesBuildPhase;
			buildActionMask = 2147483647;
			files = (
				126D960A26343B570091DF1B /* Vibration.swift in Sources */,
				126D95F326340D970091DF1B /* ViewController.swift in Sources */,
				1204ABBF26352EAE004AC9F5 /* UITextFieldExtension.swift in Sources */,
				126D95EF26340D970091DF1B /* AppDelegate.swift in Sources */,
				126D961326348F720091DF1B /* ConstraintsExtension.swift in Sources */,
				126D95F126340D970091DF1B /* SceneDelegate.swift in Sources */,
				126D963B2634A1C00091DF1B /* UIButton.swift in Sources */,
			);
			runOnlyForDeploymentPostprocessing = 0;
		};
/* End PBXSourcesBuildPhase section */

/* Begin PBXVariantGroup section */
		126D95F426340D970091DF1B /* Main.storyboard */ = {
			isa = PBXVariantGroup;
			children = (
				126D95F526340D970091DF1B /* Base */,
				1204ABC8263554B9004AC9F5 /* ru-RU */,
			);
			name = Main.storyboard;
			sourceTree = "<group>";
		};
		126D95F926340D9B0091DF1B /* LaunchScreen.storyboard */ = {
			isa = PBXVariantGroup;
			children = (
				126D95FA26340D9B0091DF1B /* Base */,
				1204ABC9263554B9004AC9F5 /* ru-RU */,
			);
			name = LaunchScreen.storyboard;
			sourceTree = "<group>";
		};
/* End PBXVariantGroup section */

/* Begin XCBuildConfiguration section */
		126D95FD26340D9B0091DF1B /* Debug */ = {
			isa = XCBuildConfiguration;
			buildSettings = {
				ALWAYS_SEARCH_USER_PATHS = NO;
				CLANG_ANALYZER_LOCALIZABILITY_NONLOCALIZED = YES;
				CLANG_ANALYZER_NONNULL = YES;
				CLANG_ANALYZER_NUMBER_OBJECT_CONVERSION = YES_AGGRESSIVE;
				CLANG_CXX_LANGUAGE_STANDARD = "gnu++14";
				CLANG_CXX_LIBRARY = "libc++";
				CLANG_ENABLE_MODULES = YES;
				CLANG_ENABLE_OBJC_ARC = YES;
				CLANG_ENABLE_OBJC_WEAK = YES;
				CLANG_WARN_BLOCK_CAPTURE_AUTORELEASING = YES;
				CLANG_WARN_BOOL_CONVERSION = YES;
				CLANG_WARN_COMMA = YES;
				CLANG_WARN_CONSTANT_CONVERSION = YES;
				CLANG_WARN_DEPRECATED_OBJC_IMPLEMENTATIONS = YES;
				CLANG_WARN_DIRECT_OBJC_ISA_USAGE = YES_ERROR;
				CLANG_WARN_DOCUMENTATION_COMMENTS = YES;
				CLANG_WARN_EMPTY_BODY = YES;
				CLANG_WARN_ENUM_CONVERSION = YES;
				CLANG_WARN_INFINITE_RECURSION = YES;
				CLANG_WARN_INT_CONVERSION = YES;
				CLANG_WARN_NON_LITERAL_NULL_CONVERSION = YES;
				CLANG_WARN_OBJC_IMPLICIT_RETAIN_SELF = YES;
				CLANG_WARN_OBJC_LITERAL_CONVERSION = YES;
				CLANG_WARN_OBJC_ROOT_CLASS = YES_ERROR;
				CLANG_WARN_QUOTED_INCLUDE_IN_FRAMEWORK_HEADER = YES;
				CLANG_WARN_RANGE_LOOP_ANALYSIS = YES;
				CLANG_WARN_STRICT_PROTOTYPES = YES;
				CLANG_WARN_SUSPICIOUS_MOVE = YES;
				CLANG_WARN_UNGUARDED_AVAILABILITY = YES_AGGRESSIVE;
				CLANG_WARN_UNREACHABLE_CODE = YES;
				CLANG_WARN__DUPLICATE_METHOD_MATCH = YES;
				COPY_PHASE_STRIP = NO;
				DEBUG_INFORMATION_FORMAT = dwarf;
				ENABLE_STRICT_OBJC_MSGSEND = YES;
				ENABLE_TESTABILITY = YES;
				GCC_C_LANGUAGE_STANDARD = gnu11;
				GCC_DYNAMIC_NO_PIC = NO;
				GCC_NO_COMMON_BLOCKS = YES;
				GCC_OPTIMIZATION_LEVEL = 0;
				GCC_PREPROCESSOR_DEFINITIONS = (
					"DEBUG=1",
					"$(inherited)",
				);
				GCC_WARN_64_TO_32_BIT_CONVERSION = YES;
				GCC_WARN_ABOUT_RETURN_TYPE = YES_ERROR;
				GCC_WARN_UNDECLARED_SELECTOR = YES;
				GCC_WARN_UNINITIALIZED_AUTOS = YES_AGGRESSIVE;
				GCC_WARN_UNUSED_FUNCTION = YES;
				GCC_WARN_UNUSED_VARIABLE = YES;
				IPHONEOS_DEPLOYMENT_TARGET = 13.0;
				MTL_ENABLE_DEBUG_INFO = INCLUDE_SOURCE;
				MTL_FAST_MATH = YES;
				ONLY_ACTIVE_ARCH = YES;
				SDKROOT = iphoneos;
				SWIFT_ACTIVE_COMPILATION_CONDITIONS = DEBUG;
				SWIFT_OPTIMIZATION_LEVEL = "-Onone";
			};
			name = Debug;
		};
		126D95FE26340D9B0091DF1B /* Release */ = {
			isa = XCBuildConfiguration;
			buildSettings = {
				ALWAYS_SEARCH_USER_PATHS = NO;
				CLANG_ANALYZER_LOCALIZABILITY_NONLOCALIZED = YES;
				CLANG_ANALYZER_NONNULL = YES;
				CLANG_ANALYZER_NUMBER_OBJECT_CONVERSION = YES_AGGRESSIVE;
				CLANG_CXX_LANGUAGE_STANDARD = "gnu++14";
				CLANG_CXX_LIBRARY = "libc++";
				CLANG_ENABLE_MODULES = YES;
				CLANG_ENABLE_OBJC_ARC = YES;
				CLANG_ENABLE_OBJC_WEAK = YES;
				CLANG_WARN_BLOCK_CAPTURE_AUTORELEASING = YES;
				CLANG_WARN_BOOL_CONVERSION = YES;
				CLANG_WARN_COMMA = YES;
				CLANG_WARN_CONSTANT_CONVERSION = YES;
				CLANG_WARN_DEPRECATED_OBJC_IMPLEMENTATIONS = YES;
				CLANG_WARN_DIRECT_OBJC_ISA_USAGE = YES_ERROR;
				CLANG_WARN_DOCUMENTATION_COMMENTS = YES;
				CLANG_WARN_EMPTY_BODY = YES;
				CLANG_WARN_ENUM_CONVERSION = YES;
				CLANG_WARN_INFINITE_RECURSION = YES;
				CLANG_WARN_INT_CONVERSION = YES;
				CLANG_WARN_NON_LITERAL_NULL_CONVERSION = YES;
				CLANG_WARN_OBJC_IMPLICIT_RETAIN_SELF = YES;
				CLANG_WARN_OBJC_LITERAL_CONVERSION = YES;
				CLANG_WARN_OBJC_ROOT_CLASS = YES_ERROR;
				CLANG_WARN_QUOTED_INCLUDE_IN_FRAMEWORK_HEADER = YES;
				CLANG_WARN_RANGE_LOOP_ANALYSIS = YES;
				CLANG_WARN_STRICT_PROTOTYPES = YES;
				CLANG_WARN_SUSPICIOUS_MOVE = YES;
				CLANG_WARN_UNGUARDED_AVAILABILITY = YES_AGGRESSIVE;
				CLANG_WARN_UNREACHABLE_CODE = YES;
				CLANG_WARN__DUPLICATE_METHOD_MATCH = YES;
				COPY_PHASE_STRIP = NO;
				DEBUG_INFORMATION_FORMAT = "dwarf-with-dsym";
				ENABLE_NS_ASSERTIONS = NO;
				ENABLE_STRICT_OBJC_MSGSEND = YES;
				GCC_C_LANGUAGE_STANDARD = gnu11;
				GCC_NO_COMMON_BLOCKS = YES;
				GCC_WARN_64_TO_32_BIT_CONVERSION = YES;
				GCC_WARN_ABOUT_RETURN_TYPE = YES_ERROR;
				GCC_WARN_UNDECLARED_SELECTOR = YES;
				GCC_WARN_UNINITIALIZED_AUTOS = YES_AGGRESSIVE;
				GCC_WARN_UNUSED_FUNCTION = YES;
				GCC_WARN_UNUSED_VARIABLE = YES;
				IPHONEOS_DEPLOYMENT_TARGET = 13.0;
				MTL_ENABLE_DEBUG_INFO = NO;
				MTL_FAST_MATH = YES;
				SDKROOT = iphoneos;
				SWIFT_COMPILATION_MODE = wholemodule;
				SWIFT_OPTIMIZATION_LEVEL = "-O";
				VALIDATE_PRODUCT = YES;
			};
			name = Release;
		};
		126D960026340D9B0091DF1B /* Debug */ = {
			isa = XCBuildConfiguration;
			baseConfigurationReference = 53BD55A874221BBC548390F8 /* Pods-WeekdaySearch.debug.xcconfig */;
			buildSettings = {
				ASSETCATALOG_COMPILER_APPICON_NAME = AppIcon;
				ASSETCATALOG_COMPILER_GLOBAL_ACCENT_COLOR_NAME = AccentColor;
				CODE_SIGN_STYLE = Automatic;
				DEVELOPMENT_TEAM = 24B237K8X8;
				INFOPLIST_FILE = WeekdaySearch/Info.plist;
				LD_RUNPATH_SEARCH_PATHS = (
					"$(inherited)",
					"@executable_path/Frameworks",
				);
				PRODUCT_BUNDLE_IDENTIFIER = com.roostique.WeekdaySearch;
				PRODUCT_NAME = "$(TARGET_NAME)";
				SWIFT_VERSION = 5.0;
				TARGETED_DEVICE_FAMILY = "1,2";
			};
			name = Debug;
		};
		126D960126340D9B0091DF1B /* Release */ = {
			isa = XCBuildConfiguration;
			baseConfigurationReference = 4BBD4515B51B25709D63D5F1 /* Pods-WeekdaySearch.release.xcconfig */;
			buildSettings = {
				ASSETCATALOG_COMPILER_APPICON_NAME = AppIcon;
				ASSETCATALOG_COMPILER_GLOBAL_ACCENT_COLOR_NAME = AccentColor;
				CODE_SIGN_STYLE = Automatic;
				DEVELOPMENT_TEAM = 24B237K8X8;
				INFOPLIST_FILE = WeekdaySearch/Info.plist;
				LD_RUNPATH_SEARCH_PATHS = (
					"$(inherited)",
					"@executable_path/Frameworks",
				);
				PRODUCT_BUNDLE_IDENTIFIER = com.roostique.WeekdaySearch;
				PRODUCT_NAME = "$(TARGET_NAME)";
				SWIFT_VERSION = 5.0;
				TARGETED_DEVICE_FAMILY = "1,2";
			};
			name = Release;
		};
/* End XCBuildConfiguration section */

/* Begin XCConfigurationList section */
		126D95E626340D970091DF1B /* Build configuration list for PBXProject "WeekdaySearch" */ = {
			isa = XCConfigurationList;
			buildConfigurations = (
				126D95FD26340D9B0091DF1B /* Debug */,
				126D95FE26340D9B0091DF1B /* Release */,
			);
			defaultConfigurationIsVisible = 0;
			defaultConfigurationName = Release;
		};
		126D95FF26340D9B0091DF1B /* Build configuration list for PBXNativeTarget "WeekdaySearch" */ = {
			isa = XCConfigurationList;
			buildConfigurations = (
				126D960026340D9B0091DF1B /* Debug */,
				126D960126340D9B0091DF1B /* Release */,
			);
			defaultConfigurationIsVisible = 0;
			defaultConfigurationName = Release;
		};
/* End XCConfigurationList section */
	};
	rootObject = 126D95E326340D970091DF1B /* Project object */;
}
